
Microsoft Visual Studio Solution File, Format Version 12.00
# Visual Studio Version 17
VisualStudioVersion = 17.13.35818.85
MinimumVisualStudioVersion = 10.0.40219.1
Project("{9A19103F-16F7-4668-BE54-9A1E7A4F7556}") = "Agendamentos.Desktop", "salaoBeleza.Desktop\Agendamentos.Desktop.csproj", "{0A812330-DCD2-4D78-8235-A3245C3725D5}"
EndProject
Project("{FAE04EC0-301F-11D3-BF4B-00C04F79EFBC}") = "Agendamentos.API", "Agendamentos.API\Agendamentos.API.csproj", "{3F1F77A5-122C-4513-805C-9796A47464AD}"
EndProject
Project("{FAE04EC0-301F-11D3-BF4B-00C04F79EFBC}") = "Agendamentos.Biblioteca", "Agendamentos.Biblioteca\Agendamentos.Biblioteca.csproj", "{739C6CEC-F64F-4DD6-8F63-81FF32F63C8B}"
EndProject
Project("{FAE04EC0-301F-11D3-BF4B-00C04F79EFBC}") = "Agendamentos.Web", "Agendamentos.Web\Agendamentos.Web.csproj", "{3D4F6A26-0843-4226-8CA0-2171B89AB251}"
EndProject
Global
	GlobalSection(SolutionConfigurationPlatforms) = preSolution
		Debug|Any CPU = Debug|Any CPU
		Release|Any CPU = Release|Any CPU
	EndGlobalSection
	GlobalSection(ProjectConfigurationPlatforms) = postSolution
		{0A812330-DCD2-4D78-8235-A3245C3725D5}.Debug|Any CPU.ActiveCfg = Debug|Any CPU
		{0A812330-DCD2-4D78-8235-A3245C3725D5}.Debug|Any CPU.Build.0 = Debug|Any CPU
		{0A812330-DCD2-4D78-8235-A3245C3725D5}.Release|Any CPU.ActiveCfg = Release|Any CPU
		{0A812330-DCD2-4D78-8235-A3245C3725D5}.Release|Any CPU.Build.0 = Release|Any CPU
		{3F1F77A5-122C-4513-805C-9796A47464AD}.Debug|Any CPU.ActiveCfg = Debug|Any CPU
		{3F1F77A5-122C-4513-805C-9796A47464AD}.Debug|Any CPU.Build.0 = Debug|Any CPU
		{3F1F77A5-122C-4513-805C-9796A47464AD}.Release|Any CPU.ActiveCfg = Release|Any CPU
		{3F1F77A5-122C-4513-805C-9796A47464AD}.Release|Any CPU.Build.0 = Release|Any CPU
		{739C6CEC-F64F-4DD6-8F63-81FF32F63C8B}.Debug|Any CPU.ActiveCfg = Debug|Any CPU
		{739C6CEC-F64F-4DD6-8F63-81FF32F63C8B}.Debug|Any CPU.Build.0 = Debug|Any CPU
		{739C6CEC-F64F-4DD6-8F63-81FF32F63C8B}.Release|Any CPU.ActiveCfg = Release|Any CPU
		{739C6CEC-F64F-4DD6-8F63-81FF32F63C8B}.Release|Any CPU.Build.0 = Release|Any CPU
		{3D4F6A26-0843-4226-8CA0-2171B89AB251}.Debug|Any CPU.ActiveCfg = Debug|Any CPU
		{3D4F6A26-0843-4226-8CA0-2171B89AB251}.Debug|Any CPU.Build.0 = Debug|Any CPU
		{3D4F6A26-0843-4226-8CA0-2171B89AB251}.Release|Any CPU.ActiveCfg = Release|Any CPU
		{3D4F6A26-0843-4226-8CA0-2171B89AB251}.Release|Any CPU.Build.0 = Release|Any CPU
	EndGlobalSection
	GlobalSection(SolutionProperties) = preSolution
		HideSolutionNode = FALSE
	EndGlobalSection
	GlobalSection(ExtensibilityGlobals) = postSolution
		SolutionGuid = {4713B0A5-5E94-428D-970E-3E8BD2623675}
	EndGlobalSection
EndGlobal
